Microsoft Visual Studio Solution File, Format Version 12.00
# Visual Studio Version 17
VisualStudioVersion = 17.5.2.0
MinimumVisualStudioVersion = 10.0.40219.1
Project("{2150E333-8FDC-42A3-9474-1A3956D46DE8}") = "tests", "tests", "{0AB3BF05-4346-4AA6-1389-037BE0695223}"
EndProject
Project("{2150E333-8FDC-42A3-9474-1A3956D46DE8}") = "src", "src", "{827E0CD3-B72D-47B6-A68D-7590B98EB39B}"
EndProject
Project("{FAE04EC0-301F-11D3-BF4B-00C04F79EFBC}") = "Jellyfin.Plugin.Oscars.Tests", "tests\Jellyfin.Plugin.Oscars.Tests\Jellyfin.Plugin.Oscars.Tests.csproj", "{EC26D46B-B957-356E-8E73-1F2903BC29E8}"
EndProject
Project("{FAE04EC0-301F-11D3-BF4B-00C04F79EFBC}") = "Jellyfin.Plugin.Oscars", "src\Jellyfin.Plugin.Oscars\Jellyfin.Plugin.Oscars.csproj", "{ED68D328-3A13-A8B8-7B96-FB318A94BFD6}"
EndProject
Global
	GlobalSection(SolutionConfigurationPlatforms) = preSolution
		Debug|Any CPU = Debug|Any CPU
		Release|Any CPU = Release|Any CPU
	EndGlobalSection
	GlobalSection(ProjectConfigurationPlatforms) = postSolution
		{EC26D46B-B957-356E-8E73-1F2903BC29E8}.Debug|Any CPU.ActiveCfg = Debug|Any CPU
		{EC26D46B-B957-356E-8E73-1F2903BC29E8}.Debug|Any CPU.Build.0 = Debug|Any CPU
		{EC26D46B-B957-356E-8E73-1F2903BC29E8}.Release|Any CPU.ActiveCfg = Release|Any CPU
		{EC26D46B-B957-356E-8E73-1F2903BC29E8}.Release|Any CPU.Build.0 = Release|Any CPU
		{ED68D328-3A13-A8B8-7B96-FB318A94BFD6}.Debug|Any CPU.ActiveCfg = Debug|Any CPU
		{ED68D328-3A13-A8B8-7B96-FB318A94BFD6}.Debug|Any CPU.Build.0 = Debug|Any CPU
		{ED68D328-3A13-A8B8-7B96-FB318A94BFD6}.Release|Any CPU.ActiveCfg = Release|Any CPU
		{ED68D328-3A13-A8B8-7B96-FB318A94BFD6}.Release|Any CPU.Build.0 = Release|Any CPU
	EndGlobalSection
	GlobalSection(SolutionProperties) = preSolution
		HideSolutionNode = FALSE
	EndGlobalSection
	GlobalSection(NestedProjects) = preSolution
		{EC26D46B-B957-356E-8E73-1F2903BC29E8} = {0AB3BF05-4346-4AA6-1389-037BE0695223}
		{ED68D328-3A13-A8B8-7B96-FB318A94BFD6} = {827E0CD3-B72D-47B6-A68D-7590B98EB39B}
	EndGlobalSection
	GlobalSection(ExtensibilityGlobals) = postSolution
		SolutionGuid = {FE4F2912-3005-447C-9F9E-1C105878D61D}
	EndGlobalSection
EndGlobal
